// !$*UTF8*$!
{
	archiveVersion = 1;
	classes = {
	};
	objectVersion = 46;
	objects = {

/* Begin PBXBuildFile section */
		2CFCD204191636D7002DC1A6 /* Foundation.framework in Frameworks */ = {isa = PBXBuildFile; fileRef = 2CFCD203191636D7002DC1A6 /* Foundation.framework */; };
		2CFCD206191636D7002DC1A6 /* CoreGraphics.framework in Frameworks */ = {isa = PBXBuildFile; fileRef = 2CFCD205191636D7002DC1A6 /* CoreGraphics.framework */; };
		2CFCD208191636D7002DC1A6 /* UIKit.framework in Frameworks */ = {isa = PBXBuildFile; fileRef = 2CFCD207191636D7002DC1A6 /* UIKit.framework */; };
		2CFCD20E191636D7002DC1A6 /* InfoPlist.strings in Resources */ = {isa = PBXBuildFile; fileRef = 2CFCD20C191636D7002DC1A6 /* InfoPlist.strings */; };
		2CFCD210191636D7002DC1A6 /* main.m in Sources */ = {isa = PBXBuildFile; fileRef = 2CFCD20F191636D7002DC1A6 /* main.m */; };
		2CFCD214191636D7002DC1A6 /* STAMAppDelegate.m in Sources */ = {isa = PBXBuildFile; fileRef = 2CFCD213191636D7002DC1A6 /* STAMAppDelegate.m */; };
		2CFCD217191636D7002DC1A6 /* Main_iPhone.storyboard in Resources */ = {isa = PBXBuildFile; fileRef = 2CFCD215191636D7002DC1A6 /* Main_iPhone.storyboard */; };
		2CFCD21A191636D7002DC1A6 /* Main_iPad.storyboard in Resources */ = {isa = PBXBuildFile; fileRef = 2CFCD218191636D7002DC1A6 /* Main_iPad.storyboard */; };
		2CFCD21D191636D7002DC1A6 /* STAMViewController.m in Sources */ = {isa = PBXBuildFile; fileRef = 2CFCD21C191636D7002DC1A6 /* STAMViewController.m */; };
		2CFCD21F191636D7002DC1A6 /* Images.xcassets in Resources */ = {isa = PBXBuildFile; fileRef = 2CFCD21E191636D7002DC1A6 /* Images.xcassets */; };
		2CFCD226191636D7002DC1A6 /* XCTest.framework in Frameworks */ = {isa = PBXBuildFile; fileRef = 2CFCD225191636D7002DC1A6 /* XCTest.framework */; };
		2CFCD227191636D7002DC1A6 /* Foundation.framework in Frameworks */ = {isa = PBXBuildFile; fileRef = 2CFCD203191636D7002DC1A6 /* Foundation.framework */; };
		2CFCD228191636D7002DC1A6 /* UIKit.framework in Frameworks */ = {isa = PBXBuildFile; fileRef = 2CFCD207191636D7002DC1A6 /* UIKit.framework */; };
		2CFCD230191636D7002DC1A6 /* InfoPlist.strings in Resources */ = {isa = PBXBuildFile; fileRef = 2CFCD22E191636D7002DC1A6 /* InfoPlist.strings */; };
		2CFCD232191636D7002DC1A6 /* ActionsManagerTests.m in Sources */ = {isa = PBXBuildFile; fileRef = 2CFCD231191636D7002DC1A6 /* ActionsManagerTests.m */; };
/* End PBXBuildFile section */

/* Begin PBXContainerItemProxy section */
		2CFCD229191636D7002DC1A6 /* PBXContainerItemProxy */ = {
			isa = PBXContainerItemProxy;
			containerPortal = 2CFCD1F8191636D7002DC1A6 /* Project object */;
			proxyType = 1;
			remoteGlobalIDString = 2CFCD1FF191636D7002DC1A6;
			remoteInfo = ActionsManager;
		};
/* End PBXContainerItemProxy section */

/* Begin PBXFileReference section */
		2CFCD200191636D7002DC1A6 /* ActionsManager.app */ = {isa = PBXFileReference; explicitFileType = wrapper.application; includeInIndex = 0; path = ActionsManager.app; sourceTree = BUILT_PRODUCTS_DIR; };
		2CFCD203191636D7002DC1A6 /* Foundation.framework */ = {isa = PBXFileReference; lastKnownFileType = wrapper.framework; name = Foundation.framework; path = System/Library/Frameworks/Foundation.framework; sourceTree = SDKROOT; };
		2CFCD205191636D7002DC1A6 /* CoreGraphics.framework */ = {isa = PBXFileReference; lastKnownFileType = wrapper.framework; name = CoreGraphics.framework; path = System/Library/Frameworks/CoreGraphics.framework; sourceTree = SDKROOT; };
		2CFCD207191636D7002DC1A6 /* UIKit.framework */ = {isa = PBXFileReference; lastKnownFileType = wrapper.framework; name = UIKit.framework; path = System/Library/Frameworks/UIKit.framework; sourceTree = SDKROOT; };
		2CFCD20B191636D7002DC1A6 /* ActionsManager-Info.plist */ = {isa = PBXFileReference; lastKnownFileType = text.plist.xml; path = "ActionsManager-Info.plist"; sourceTree = "<group>"; };
		2CFCD20D191636D7002DC1A6 /* en */ = {isa = PBXFileReference; lastKnownFileType = text.plist.strings; name = en; path = en.lproj/InfoPlist.strings; sourceTree = "<group>"; };
		2CFCD20F191636D7002DC1A6 /* main.m */ = {isa = PBXFileReference; lastKnownFileType = sourcecode.c.objc; path = main.m; sourceTree = "<group>"; };
		2CFCD211191636D7002DC1A6 /* ActionsManager-Prefix.pch */ = {isa = PBXFileReference; lastKnownFileType = sourcecode.c.h; path = "ActionsManager-Prefix.pch"; sourceTree = "<group>"; };
		2CFCD212191636D7002DC1A6 /* STAMAppDelegate.h */ = {isa = PBXFileReference; lastKnownFileType = sourcecode.c.h; path = STAMAppDelegate.h; sourceTree = "<group>"; };
		2CFCD213191636D7002DC1A6 /* STAMAppDelegate.m */ = {isa = PBXFileReference; lastKnownFileType = sourcecode.c.objc; path = STAMAppDelegate.m; sourceTree = "<group>"; };
		2CFCD216191636D7002DC1A6 /* Base */ = {isa = PBXFileReference; lastKnownFileType = file.storyboard; name = Base; path = Base.lproj/Main_iPhone.storyboard; sourceTree = "<group>"; };
		2CFCD219191636D7002DC1A6 /* Base */ = {isa = PBXFileReference; lastKnownFileType = file.storyboard; name = Base; path = Base.lproj/Main_iPad.storyboard; sourceTree = "<group>"; };
		2CFCD21B191636D7002DC1A6 /* STAMViewController.h */ = {isa = PBXFileReference; lastKnownFileType = sourcecode.c.h; path = STAMViewController.h; sourceTree = "<group>"; };
		2CFCD21C191636D7002DC1A6 /* STAMViewController.m */ = {isa = PBXFileReference; lastKnownFileType = sourcecode.c.objc; path = STAMViewController.m; sourceTree = "<group>"; };
		2CFCD21E191636D7002DC1A6 /* Images.xcassets */ = {isa = PBXFileReference; lastKnownFileType = folder.assetcatalog; path = Images.xcassets; sourceTree = "<group>"; };
		2CFCD224191636D7002DC1A6 /* ActionsManagerTests.xctest */ = {isa = PBXFileReference; explicitFileType = wrapper.cfbundle; includeInIndex = 0; path = ActionsManagerTests.xctest; sourceTree = BUILT_PRODUCTS_DIR; };
		2CFCD225191636D7002DC1A6 /* XCTest.framework */ = {isa = PBXFileReference; lastKnownFileType = wrapper.framework; name = XCTest.framework; path = Library/Frameworks/XCTest.framework; sourceTree = DEVELOPER_DIR; };
		2CFCD22D191636D7002DC1A6 /* ActionsManagerTests-Info.plist */ = {isa = PBXFileReference; lastKnownFileType = text.plist.xml; path = "ActionsManagerTests-Info.plist"; sourceTree = "<group>"; };
		2CFCD22F191636D7002DC1A6 /* en */ = {isa = PBXFileReference; lastKnownFileType = text.plist.strings; name = en; path = en.lproj/InfoPlist.strings; sourceTree = "<group>"; };
		2CFCD231191636D7002DC1A6 /* ActionsManagerTests.m */ = {isa = PBXFileReference; lastKnownFileType = sourcecode.c.objc; path = ActionsManagerTests.m; sourceTree = "<group>"; };
/* End PBXFileReference section */

/* Begin PBXFrameworksBuildPhase section */
		2CFCD1FD191636D7002DC1A6 /* Frameworks */ = {
			isa = PBXFrameworksBuildPhase;
			buildActionMask = 2147483647;
			files = (
				2CFCD206191636D7002DC1A6 /* CoreGraphics.framework in Frameworks */,
				2CFCD208191636D7002DC1A6 /* UIKit.framework in Frameworks */,
				2CFCD204191636D7002DC1A6 /* Foundation.framework in Frameworks */,
			);
			runOnlyForDeploymentPostprocessing = 0;
		};
		2CFCD221191636D7002DC1A6 /* Frameworks */ = {
			isa = PBXFrameworksBuildPhase;
			buildActionMask = 2147483647;
			files = (
				2CFCD226191636D7002DC1A6 /* XCTest.framework in Frameworks */,
				2CFCD228191636D7002DC1A6 /* UIKit.framework in Frameworks */,
				2CFCD227191636D7002DC1A6 /* Foundation.framework in Frameworks */,
			);
			runOnlyForDeploymentPostprocessing = 0;
		};
/* End PBXFrameworksBuildPhase section */

/* Begin PBXGroup section */
		2CFCD1F7191636D7002DC1A6 = {
			isa = PBXGroup;
			children = (
				2CFCD209191636D7002DC1A6 /* ActionsManager */,
				2CFCD22B191636D7002DC1A6 /* ActionsManagerTests */,
				2CFCD202191636D7002DC1A6 /* Frameworks */,
				2CFCD201191636D7002DC1A6 /* Products */,
			);
			sourceTree = "<group>";
		};
		2CFCD201191636D7002DC1A6 /* Products */ = {
			isa = PBXGroup;
			children = (
				2CFCD200191636D7002DC1A6 /* ActionsManager.app */,
				2CFCD224191636D7002DC1A6 /* ActionsManagerTests.xctest */,
			);
			name = Products;
			sourceTree = "<group>";
		};
		2CFCD202191636D7002DC1A6 /* Frameworks */ = {
			isa = PBXGroup;
			children = (
				2CFCD203191636D7002DC1A6 /* Foundation.framework */,
				2CFCD205191636D7002DC1A6 /* CoreGraphics.framework */,
				2CFCD207191636D7002DC1A6 /* UIKit.framework */,
				2CFCD225191636D7002DC1A6 /* XCTest.framework */,
			);
			name = Frameworks;
			sourceTree = "<group>";
		};
		2CFCD209191636D7002DC1A6 /* ActionsManager */ = {
			isa = PBXGroup;
			children = (
				2CFCD212191636D7002DC1A6 /* STAMAppDelegate.h */,
				2CFCD213191636D7002DC1A6 /* STAMAppDelegate.m */,
				2CFCD215191636D7002DC1A6 /* Main_iPhone.storyboard */,
				2CFCD218191636D7002DC1A6 /* Main_iPad.storyboard */,
				2CFCD21B191636D7002DC1A6 /* STAMViewController.h */,
				2CFCD21C191636D7002DC1A6 /* STAMViewController.m */,
				2CFCD21E191636D7002DC1A6 /* Images.xcassets */,
				2CFCD20A191636D7002DC1A6 /* Supporting Files */,
			);
			path = ActionsManager;
			sourceTree = "<group>";
		};
		2CFCD20A191636D7002DC1A6 /* Supporting Files */ = {
			isa = PBXGroup;
			children = (
				2CFCD20B191636D7002DC1A6 /* ActionsManager-Info.plist */,
				2CFCD20C191636D7002DC1A6 /* InfoPlist.strings */,
				2CFCD20F191636D7002DC1A6 /* main.m */,
				2CFCD211191636D7002DC1A6 /* ActionsManager-Prefix.pch */,
			);
			name = "Supporting Files";
			sourceTree = "<group>";
		};
		2CFCD22B191636D7002DC1A6 /* ActionsManagerTests */ = {
			isa = PBXGroup;
			children = (
				2CFCD231191636D7002DC1A6 /* ActionsManagerTests.m */,
				2CFCD22C191636D7002DC1A6 /* Supporting Files */,
			);
			path = ActionsManagerTests;
			sourceTree = "<group>";
		};
		2CFCD22C191636D7002DC1A6 /* Supporting Files */ = {
			isa = PBXGroup;
			children = (
				2CFCD22D191636D7002DC1A6 /* ActionsManagerTests-Info.plist */,
				2CFCD22E191636D7002DC1A6 /* InfoPlist.strings */,
			);
			name = "Supporting Files";
			sourceTree = "<group>";
		};
/* End PBXGroup section */

/* Begin PBXNativeTarget section */
		2CFCD1FF191636D7002DC1A6 /* ActionsManager */ = {
			isa = PBXNativeTarget;
			buildConfigurationList = 2CFCD235191636D7002DC1A6 /* Build configuration list for PBXNativeTarget "ActionsManager" */;
			buildPhases = (
				2CFCD1FC191636D7002DC1A6 /* Sources */,
				2CFCD1FD191636D7002DC1A6 /* Frameworks */,
				2CFCD1FE191636D7002DC1A6 /* Resources */,
			);
			buildRules = (
			);
			dependencies = (
			);
			name = ActionsManager;
			productName = ActionsManager;
			productReference = 2CFCD200191636D7002DC1A6 /* ActionsManager.app */;
			productType = "com.apple.product-type.application";
		};
		2CFCD223191636D7002DC1A6 /* ActionsManagerTests */ = {
			isa = PBXNativeTarget;
			buildConfigurationList = 2CFCD238191636D7002DC1A6 /* Build configuration list for PBXNativeTarget "ActionsManagerTests" */;
			buildPhases = (
				2CFCD220191636D7002DC1A6 /* Sources */,
				2CFCD221191636D7002DC1A6 /* Frameworks */,
				2CFCD222191636D7002DC1A6 /* Resources */,
			);
			buildRules = (
			);
			dependencies = (
				2CFCD22A191636D7002DC1A6 /* PBXTargetDependency */,
			);
			name = ActionsManagerTests;
			productName = ActionsManagerTests;
			productReference = 2CFCD224191636D7002DC1A6 /* ActionsManagerTests.xctest */;
			productType = "com.apple.product-type.bundle.unit-test";
		};
/* End PBXNativeTarget section */

/* Begin PBXProject section */
		2CFCD1F8191636D7002DC1A6 /* Project object */ = {
			isa = PBXProject;
			attributes = {
				CLASSPREFIX = STAM;
				LastUpgradeCheck = 0510;
				ORGANIZATIONNAME = "Sistemium UAB";
				TargetAttributes = {
					2CFCD223191636D7002DC1A6 = {
						TestTargetID = 2CFCD1FF191636D7002DC1A6;
					};
				};
			};
			buildConfigurationList = 2CFCD1FB191636D7002DC1A6 /* Build configuration list for PBXProject "ActionsManager" */;
			compatibilityVersion = "Xcode 3.2";
			developmentRegion = English;
			hasScannedForEncodings = 0;
			knownRegions = (
				en,
				Base,
			);
			mainGroup = 2CFCD1F7191636D7002DC1A6;
			productRefGroup = 2CFCD201191636D7002DC1A6 /* Products */;
			projectDirPath = "";
			projectRoot = "";
			targets = (
				2CFCD1FF191636D7002DC1A6 /* ActionsManager */,
				2CFCD223191636D7002DC1A6 /* ActionsManagerTests */,
			);
		};
/* End PBXProject section */

/* Begin PBXResourcesBuildPhase section */
		2CFCD1FE191636D7002DC1A6 /* Resources */ = {
			isa = PBXResourcesBuildPhase;
			buildActionMask = 2147483647;
			files = (
				2CFCD21A191636D7002DC1A6 /* Main_iPad.storyboard in Resources */,
				2CFCD21F191636D7002DC1A6 /* Images.xcassets in Resources */,
				2CFCD217191636D7002DC1A6 /* Main_iPhone.storyboard in Resources */,
				2CFCD20E191636D7002DC1A6 /* InfoPlist.strings in Resources */,
			);
			runOnlyForDeploymentPostprocessing = 0;
		};
		2CFCD222191636D7002DC1A6 /* Resources */ = {
			isa = PBXResourcesBuildPhase;
			buildActionMask = 2147483647;
			files = (
				2CFCD230191636D7002DC1A6 /* InfoPlist.strings in Resources */,
			);
			runOnlyForDeploymentPostprocessing = 0;
		};
/* End PBXResourcesBuildPhase section */

/* Begin PBXSourcesBuildPhase section */
		2CFCD1FC191636D7002DC1A6 /* Sources */ = {
			isa = PBXSourcesBuildPhase;
			buildActionMask = 2147483647;
			files = (
				2CFCD210191636D7002DC1A6 /* main.m in Sources */,
				2CFCD21D191636D7002DC1A6 /* STAMViewController.m in Sources */,
				2CFCD214191636D7002DC1A6 /* STAMAppDelegate.m in Sources */,
			);
			runOnlyForDeploymentPostprocessing = 0;
		};
		2CFCD220191636D7002DC1A6 /* Sources */ = {
			isa = PBXSourcesBuildPhase;
			buildActionMask = 2147483647;
			files = (
				2CFCD232191636D7002DC1A6 /* ActionsManagerTests.m in Sources */,
			);
			runOnlyForDeploymentPostprocessing = 0;
		};
/* End PBXSourcesBuildPhase section */

/* Begin PBXTargetDependency section */
		2CFCD22A191636D7002DC1A6 /* PBXTargetDependency */ = {
			isa = PBXTargetDependency;
			target = 2CFCD1FF191636D7002DC1A6 /* ActionsManager */;
			targetProxy = 2CFCD229191636D7002DC1A6 /* PBXContainerItemProxy */;
		};
/* End PBXTargetDependency section */

/* Begin PBXVariantGroup section */
		2CFCD20C191636D7002DC1A6 /* InfoPlist.strings */ = {
			isa = PBXVariantGroup;
			children = (
				2CFCD20D191636D7002DC1A6 /* en */,
			);
			name = InfoPlist.strings;
			sourceTree = "<group>";
		};
		2CFCD215191636D7002DC1A6 /* Main_iPhone.storyboard */ = {
			isa = PBXVariantGroup;
			children = (
				2CFCD216191636D7002DC1A6 /* Base */,
			);
			name = Main_iPhone.storyboard;
			sourceTree = "<group>";
		};
		2CFCD218191636D7002DC1A6 /* Main_iPad.storyboard */ = {
			isa = PBXVariantGroup;
			children = (
				2CFCD219191636D7002DC1A6 /* Base */,
			);
			name = Main_iPad.storyboard;
			sourceTree = "<group>";
		};
		2CFCD22E191636D7002DC1A6 /* InfoPlist.strings */ = {
			isa = PBXVariantGroup;
			children = (
				2CFCD22F191636D7002DC1A6 /* en */,
			);
			name = InfoPlist.strings;
			sourceTree = "<group>";
		};
/* End PBXVariantGroup section */

/* Begin XCBuildConfiguration section */
		2CFCD233191636D7002DC1A6 /* Debug */ = {
			isa = XCBuildConfiguration;
			buildSettings = {
				ALWAYS_SEARCH_USER_PATHS = NO;
				CLANG_CXX_LANGUAGE_STANDARD = "gnu++0x";
				CLANG_CXX_LIBRARY = "libc++";
				CLANG_ENABLE_MODULES = YES;
				CLANG_ENABLE_OBJC_ARC = YES;
				CLANG_WARN_BOOL_CONVERSION = YES;
				CLANG_WARN_CONSTANT_CONVERSION = YES;
				CLANG_WARN_DIRECT_OBJC_ISA_USAGE = YES_ERROR;
				CLANG_WARN_EMPTY_BODY = YES;
				CLANG_WARN_ENUM_CONVERSION = YES;
				CLANG_WARN_INT_CONVERSION = YES;
				CLANG_WARN_OBJC_ROOT_CLASS = YES_ERROR;
				CLANG_WARN__DUPLICATE_METHOD_MATCH = YES;
				"CODE_SIGN_IDENTITY[sdk=iphoneos*]" = "iPhone Developer";
				COPY_PHASE_STRIP = NO;
				GCC_C_LANGUAGE_STANDARD = gnu99;
				GCC_DYNAMIC_NO_PIC = NO;
				GCC_OPTIMIZATION_LEVEL = 0;
				GCC_PREPROCESSOR_DEFINITIONS = (
					"DEBUG=1",
					"$(inherited)",
				);
				GCC_SYMBOLS_PRIVATE_EXTERN = NO;
				GCC_WARN_64_TO_32_BIT_CONVERSION = YES;
				GCC_WARN_ABOUT_RETURN_TYPE = YES_ERROR;
				GCC_WARN_UNDECLARED_SELECTOR = YES;
				GCC_WARN_UNINITIALIZED_AUTOS = YES_AGGRESSIVE;
				GCC_WARN_UNUSED_FUNCTION = YES;
				GCC_WARN_UNUSED_VARIABLE = YES;
				IPHONEOS_DEPLOYMENT_TARGET = 7.1;
				ONLY_ACTIVE_ARCH = YES;
				SDKROOT = iphoneos;
				TARGETED_DEVICE_FAMILY = "1,2";
			};
			name = Debug;
		};
		2CFCD234191636D7002DC1A6 /* Release */ = {
			isa = XCBuildConfiguration;
			buildSettings = {
				ALWAYS_SEARCH_USER_PATHS = NO;
				CLANG_CXX_LANGUAGE_STANDARD = "gnu++0x";
				CLANG_CXX_LIBRARY = "libc++";
				CLANG_ENABLE_MODULES = YES;
				CLANG_ENABLE_OBJC_ARC = YES;
				CLANG_WARN_BOOL_CONVERSION = YES;
				CLANG_WARN_CONSTANT_CONVERSION = YES;
				CLANG_WARN_DIRECT_OBJC_ISA_USAGE = YES_ERROR;
				CLANG_WARN_EMPTY_BODY = YES;
				CLANG_WARN_ENUM_CONVERSION = YES;
				CLANG_WARN_INT_CONVERSION = YES;
				CLANG_WARN_OBJC_ROOT_CLASS = YES_ERROR;
				CLANG_WARN__DUPLICATE_METHOD_MATCH = YES;
				"CODE_SIGN_IDENTITY[sdk=iphoneos*]" = "iPhone Developer";
				COPY_PHASE_STRIP = YES;
				ENABLE_NS_ASSERTIONS = NO;
				GCC_C_LANGUAGE_STANDARD = gnu99;
				GCC_WARN_64_TO_32_BIT_CONVERSION = YES;
				GCC_WARN_ABOUT_RETURN_TYPE = YES_ERROR;
				GCC_WARN_UNDECLARED_SELECTOR = YES;
				GCC_WARN_UNINITIALIZED_AUTOS = YES_AGGRESSIVE;
				GCC_WARN_UNUSED_FUNCTION = YES;
				GCC_WARN_UNUSED_VARIABLE = YES;
				IPHONEOS_DEPLOYMENT_TARGET = 7.1;
				SDKROOT = iphoneos;
				TARGETED_DEVICE_FAMILY = "1,2";
				VALIDATE_PRODUCT = YES;
			};
			name = Release;
		};
		2CFCD236191636D7002DC1A6 /* Debug */ = {
			isa = XCBuildConfiguration;
			buildSettings = {
				ASSETCATALOG_COMPILER_APPICON_NAME = AppIcon;
				ASSETCATALOG_COMPILER_LAUNCHIMAGE_NAME = LaunchImage;
				GCC_PRECOMPILE_PREFIX_HEADER = YES;
				GCC_PREFIX_HEADER = "ActionsManager/ActionsManager-Prefix.pch";
				INFOPLIST_FILE = "ActionsManager/ActionsManager-Info.plist";
				PRODUCT_NAME = "$(TARGET_NAME)";
				WRAPPER_EXTENSION = app;
			};
			name = Debug;
		};
		2CFCD237191636D7002DC1A6 /* Release */ = {
			isa = XCBuildConfiguration;
			buildSettings = {
				ASSETCATALOG_COMPILER_APPICON_NAME = AppIcon;
				ASSETCATALOG_COMPILER_LAUNCHIMAGE_NAME = LaunchImage;
				GCC_PRECOMPILE_PREFIX_HEADER = YES;
				GCC_PREFIX_HEADER = "ActionsManager/ActionsManager-Prefix.pch";
				INFOPLIST_FILE = "ActionsManager/ActionsManager-Info.plist";
				PRODUCT_NAME = "$(TARGET_NAME)";
				WRAPPER_EXTENSION = app;
			};
			name = Release;
		};
		2CFCD239191636D7002DC1A6 /* Debug */ = {
			isa = XCBuildConfiguration;
			buildSettings = {
				BUNDLE_LOADER = "$(BUILT_PRODUCTS_DIR)/ActionsManager.app/ActionsManager";
				FRAMEWORK_SEARCH_PATHS = (
					"$(SDKROOT)/Developer/Library/Frameworks",
					"$(inherited)",
					"$(DEVELOPER_FRAMEWORKS_DIR)",
				);
				GCC_PRECOMPILE_PREFIX_HEADER = YES;
				GCC_PREFIX_HEADER = "ActionsManager/ActionsManager-Prefix.pch";
				GCC_PREPROCESSOR_DEFINITIONS = (
					"DEBUG=1",
					"$(inherited)",
				);
				INFOPLIST_FILE = "ActionsManagerTests/ActionsManagerTests-Info.plist";
				PRODUCT_NAME = "$(TARGET_NAME)";
				TEST_HOST = "$(BUNDLE_LOADER)";
				WRAPPER_EXTENSION = xctest;
			};
			name = Debug;
		};
		2CFCD23A191636D7002DC1A6 /* Release */ = {
			isa = XCBuildConfiguration;
			buildSettings = {
				BUNDLE_LOADER = "$(BUILT_PRODUCTS_DIR)/ActionsManager.app/ActionsManager";
				FRAMEWORK_SEARCH_PATHS = (
					"$(SDKROOT)/Developer/Library/Frameworks",
					"$(inherited)",
					"$(DEVELOPER_FRAMEWORKS_DIR)",
				);
				GCC_PRECOMPILE_PREFIX_HEADER = YES;
				GCC_PREFIX_HEADER = "ActionsManager/ActionsManager-Prefix.pch";
				INFOPLIST_FILE = "ActionsManagerTests/ActionsManagerTests-Info.plist";
				PRODUCT_NAME = "$(TARGET_NAME)";
				TEST_HOST = "$(BUNDLE_LOADER)";
				WRAPPER_EXTENSION = xctest;
			};
			name = Release;
		};
/* End XCBuildConfiguration section */

/* Begin XCConfigurationList section */
		2CFCD1FB191636D7002DC1A6 /* Build configuration list for PBXProject "ActionsManager" */ = {
			isa = XCConfigurationList;
			buildConfigurations = (
				2CFCD233191636D7002DC1A6 /* Debug */,
				2CFCD234191636D7002DC1A6 /* Release */,
			);
			defaultConfigurationIsVisible = 0;
			defaultConfigurationName = Release;
		};
		2CFCD235191636D7002DC1A6 /* Build configuration list for PBXNativeTarget "ActionsManager" */ = {
			isa = XCConfigurationList;
			buildConfigurations = (
				2CFCD236191636D7002DC1A6 /* Debug */,
				2CFCD237191636D7002DC1A6 /* Release */,
			);
			defaultConfigurationIsVisible = 0;
		};
		2CFCD238191636D7002DC1A6 /* Build configuration list for PBXNativeTarget "ActionsManagerTests" */ = {
			isa = XCConfigurationList;
			buildConfigurations = (
				2CFCD239191636D7002DC1A6 /* Debug */,
				2CFCD23A191636D7002DC1A6 /* Release */,
			);
			defaultConfigurationIsVisible = 0;
		};
/* End XCConfigurationList section */
	};
	rootObject = 2CFCD1F8191636D7002DC1A6 /* Project object */;
}
